
Microsoft Visual Studio Solution File, Format Version 12.00
# Visual Studio Version 17
VisualStudioVersion = 17.6.33723.286
MinimumVisualStudioVersion = 10.0.40219.1
Project("{FAE04EC0-301F-11D3-BF4B-00C04F79EFBC}") = "UTR_APP", "UTR_APP\UTR_APP.csproj", "{31E778EE-86DF-4E13-B394-0D38E3D4C015}"
EndProject
Global
	GlobalSection(SolutionConfigurationPlatforms) = preSolution
		Debug|Any CPU = Debug|Any CPU
		Release|Any CPU = Release|Any CPU
	EndGlobalSection
	GlobalSection(ProjectConfigurationPlatforms) = postSolution
		{31E778EE-86DF-4E13-B394-0D38E3D4C015}.Debug|Any CPU.ActiveCfg = Debug|Any CPU
		{31E778EE-86DF-4E13-B394-0D38E3D4C015}.Debug|Any CPU.Build.0 = Debug|Any CPU
		{31E778EE-86DF-4E13-B394-0D38E3D4C015}.Release|Any CPU.ActiveCfg = Release|Any CPU
		{31E778EE-86DF-4E13-B394-0D38E3D4C015}.Release|Any CPU.Build.0 = Release|Any CPU
	EndGlobalSection
	GlobalSection(SolutionProperties) = preSolution
		HideSolutionNode = FALSE
	EndGlobalSection
	GlobalSection(ExtensibilityGlobals) = postSolution
		SolutionGuid = {7448038C-2775-430E-ADF6-41DD2C22B8FB}
	EndGlobalSection
EndGlobal
